// !$*UTF8*$!
{
	archiveVersion = 1;
	classes = {
	};
	objectVersion = 46;
	objects = {

/* Begin PBXBuildFile section */
		09A4C9191F21FC36009CB586 /* AppDelegate.swift in Sources */ = {isa = PBXBuildFile; fileRef = 09A4C9181F21FC36009CB586 /* AppDelegate.swift */; };
		09A4C91B1F21FC36009CB586 /* DetailViewController.swift in Sources */ = {isa = PBXBuildFile; fileRef = 09A4C91A1F21FC36009CB586 /* DetailViewController.swift */; };
		09A4C91E1F21FC36009CB586 /* Main.storyboard in Resources */ = {isa = PBXBuildFile; fileRef = 09A4C91C1F21FC36009CB586 /* Main.storyboard */; };
		09A4C9201F21FC36009CB586 /* Assets.xcassets in Resources */ = {isa = PBXBuildFile; fileRef = 09A4C91F1F21FC36009CB586 /* Assets.xcassets */; };
		09A4C9231F21FC36009CB586 /* LaunchScreen.storyboard in Resources */ = {isa = PBXBuildFile; fileRef = 09A4C9211F21FC36009CB586 /* LaunchScreen.storyboard */; };
		09A4C92E1F21FC36009CB586 /* SubTableViewWithSegueIOSTests.swift in Sources */ = {isa = PBXBuildFile; fileRef = 09A4C92D1F21FC36009CB586 /* SubTableViewWithSegueIOSTests.swift */; };
		09A4C9391F21FDD1009CB586 /* CarsTableViewController.swift in Sources */ = {isa = PBXBuildFile; fileRef = 09A4C9381F21FDD1009CB586 /* CarsTableViewController.swift */; };
		09A4C93B1F21FE31009CB586 /* Car.swift in Sources */ = {isa = PBXBuildFile; fileRef = 09A4C93A1F21FE31009CB586 /* Car.swift */; };
		09A4C93D1F22006A009CB586 /* CarTableViewCell.swift in Sources */ = {isa = PBXBuildFile; fileRef = 09A4C93C1F22006A009CB586 /* CarTableViewCell.swift */; };
/* End PBXBuildFile section */

/* Begin PBXContainerItemProxy section */
		09A4C92A1F21FC36009CB586 /* PBXContainerItemProxy */ = {
			isa = PBXContainerItemProxy;
			containerPortal = 09A4C90D1F21FC36009CB586 /* Project object */;
			proxyType = 1;
			remoteGlobalIDString = 09A4C9141F21FC36009CB586;
			remoteInfo = SubTableViewWithSegueIOS;
		};
/* End PBXContainerItemProxy section */

/* Begin PBXFileReference section */
		09A4C9151F21FC36009CB586 /* SubTableViewWithSegueIOS.app */ = {isa = PBXFileReference; explicitFileType = wrapper.application; includeInIndex = 0; path = SubTableViewWithSegueIOS.app; sourceTree = BUILT_PRODUCTS_DIR; };
		09A4C9181F21FC36009CB586 /* AppDelegate.swift */ = {isa = PBXFileReference; lastKnownFileType = sourcecode.swift; path = AppDelegate.swift; sourceTree = "<group>"; };
		09A4C91A1F21FC36009CB586 /* DetailViewController.swift */ = {isa = PBXFileReference; lastKnownFileType = sourcecode.swift; path = DetailViewController.swift; sourceTree = "<group>"; };
		09A4C91D1F21FC36009CB586 /* Base */ = {isa = PBXFileReference; lastKnownFileType = file.storyboard; name = Base; path = Base.lproj/Main.storyboard; sourceTree = "<group>"; };
		09A4C91F1F21FC36009CB586 /* Assets.xcassets */ = {isa = PBXFileReference; lastKnownFileType = folder.assetcatalog; path = Assets.xcassets; sourceTree = "<group>"; };
		09A4C9221F21FC36009CB586 /* Base */ = {isa = PBXFileReference; lastKnownFileType = file.storyboard; name = Base; path = Base.lproj/LaunchScreen.storyboard; sourceTree = "<group>"; };
		09A4C9241F21FC36009CB586 /* Info.plist */ = {isa = PBXFileReference; lastKnownFileType = text.plist.xml; path = Info.plist; sourceTree = "<group>"; };
		09A4C9291F21FC36009CB586 /* SubTableViewWithSegueIOSTests.xctest */ = {isa = PBXFileReference; explicitFileType = wrapper.cfbundle; includeInIndex = 0; path = SubTableViewWithSegueIOSTests.xctest; sourceTree = BUILT_PRODUCTS_DIR; };
		09A4C92D1F21FC36009CB586 /* SubTableViewWithSegueIOSTests.swift */ = {isa = PBXFileReference; lastKnownFileType = sourcecode.swift; path = SubTableViewWithSegueIOSTests.swift; sourceTree = "<group>"; };
		09A4C92F1F21FC36009CB586 /* Info.plist */ = {isa = PBXFileReference; lastKnownFileType = text.plist.xml; path = Info.plist; sourceTree = "<group>"; };
		09A4C9381F21FDD1009CB586 /* CarsTableViewController.swift */ = {isa = PBXFileReference; fileEncoding = 4; lastKnownFileType = sourcecode.swift; path = CarsTableViewController.swift; sourceTree = "<group>"; };
		09A4C93A1F21FE31009CB586 /* Car.swift */ = {isa = PBXFileReference; fileEncoding = 4; lastKnownFileType = sourcecode.swift; path = Car.swift; sourceTree = "<group>"; };
		09A4C93C1F22006A009CB586 /* CarTableViewCell.swift */ = {isa = PBXFileReference; fileEncoding = 4; lastKnownFileType = sourcecode.swift; path = CarTableViewCell.swift; sourceTree = "<group>"; };
/* End PBXFileReference section */

/* Begin PBXFrameworksBuildPhase section */
		09A4C9121F21FC36009CB586 /* Frameworks */ = {
			isa = PBXFrameworksBuildPhase;
			buildActionMask = 2147483647;
			files = (
			);
			runOnlyForDeploymentPostprocessing = 0;
		};
		09A4C9261F21FC36009CB586 /* Frameworks */ = {
			isa = PBXFrameworksBuildPhase;
			buildActionMask = 2147483647;
			files = (
			);
			runOnlyForDeploymentPostprocessing = 0;
		};
/* End PBXFrameworksBuildPhase section */

/* Begin PBXGroup section */
		09A4C90C1F21FC36009CB586 = {
			isa = PBXGroup;
			children = (
				09A4C9171F21FC36009CB586 /* SubTableViewWithSegueIOS */,
				09A4C92C1F21FC36009CB586 /* SubTableViewWithSegueIOSTests */,
				09A4C9161F21FC36009CB586 /* Products */,
			);
			sourceTree = "<group>";
		};
		09A4C9161F21FC36009CB586 /* Products */ = {
			isa = PBXGroup;
			children = (
				09A4C9151F21FC36009CB586 /* SubTableViewWithSegueIOS.app */,
				09A4C9291F21FC36009CB586 /* SubTableViewWithSegueIOSTests.xctest */,
			);
			name = Products;
			sourceTree = "<group>";
		};
		09A4C9171F21FC36009CB586 /* SubTableViewWithSegueIOS */ = {
			isa = PBXGroup;
			children = (
				09A4C9181F21FC36009CB586 /* AppDelegate.swift */,
				09A4C91A1F21FC36009CB586 /* DetailViewController.swift */,
				09A4C91C1F21FC36009CB586 /* Main.storyboard */,
				09A4C9381F21FDD1009CB586 /* CarsTableViewController.swift */,
				09A4C93C1F22006A009CB586 /* CarTableViewCell.swift */,
				09A4C93A1F21FE31009CB586 /* Car.swift */,
				09A4C91F1F21FC36009CB586 /* Assets.xcassets */,
				09A4C9211F21FC36009CB586 /* LaunchScreen.storyboard */,
				09A4C9241F21FC36009CB586 /* Info.plist */,
			);
			path = SubTableViewWithSegueIOS;
			sourceTree = "<group>";
		};
		09A4C92C1F21FC36009CB586 /* SubTableViewWithSegueIOSTests */ = {
			isa = PBXGroup;
			children = (
				09A4C92D1F21FC36009CB586 /* SubTableViewWithSegueIOSTests.swift */,
				09A4C92F1F21FC36009CB586 /* Info.plist */,
			);
			path = SubTableViewWithSegueIOSTests;
			sourceTree = "<group>";
		};
/* End PBXGroup section */

/* Begin PBXNativeTarget section */
		09A4C9141F21FC36009CB586 /* SubTableViewWithSegueIOS */ = {
			isa = PBXNativeTarget;
			buildConfigurationList = 09A4C9321F21FC36009CB586 /* Build configuration list for PBXNativeTarget "SubTableViewWithSegueIOS" */;
			buildPhases = (
				09A4C9111F21FC36009CB586 /* Sources */,
				09A4C9121F21FC36009CB586 /* Frameworks */,
				09A4C9131F21FC36009CB586 /* Resources */,
			);
			buildRules = (
			);
			dependencies = (
			);
			name = SubTableViewWithSegueIOS;
			productName = SubTableViewWithSegueIOS;
			productReference = 09A4C9151F21FC36009CB586 /* SubTableViewWithSegueIOS.app */;
			productType = "com.apple.product-type.application";
		};
		09A4C9281F21FC36009CB586 /* SubTableViewWithSegueIOSTests */ = {
			isa = PBXNativeTarget;
			buildConfigurationList = 09A4C9351F21FC36009CB586 /* Build configuration list for PBXNativeTarget "SubTableViewWithSegueIOSTests" */;
			buildPhases = (
				09A4C9251F21FC36009CB586 /* Sources */,
				09A4C9261F21FC36009CB586 /* Frameworks */,
				09A4C9271F21FC36009CB586 /* Resources */,
			);
			buildRules = (
			);
			dependencies = (
				09A4C92B1F21FC36009CB586 /* PBXTargetDependency */,
			);
			name = SubTableViewWithSegueIOSTests;
			productName = SubTableViewWithSegueIOSTests;
			productReference = 09A4C9291F21FC36009CB586 /* SubTableViewWithSegueIOSTests.xctest */;
			productType = "com.apple.product-type.bundle.unit-test";
		};
/* End PBXNativeTarget section */

/* Begin PBXProject section */
		09A4C90D1F21FC36009CB586 /* Project object */ = {
			isa = PBXProject;
			attributes = {
				LastSwiftUpdateCheck = 0830;
				LastUpgradeCheck = 0830;
				ORGANIZATIONNAME = DevArtisant;
				TargetAttributes = {
					09A4C9141F21FC36009CB586 = {
						CreatedOnToolsVersion = 8.3.3;
						DevelopmentTeam = 8ZVGPK4YX3;
						ProvisioningStyle = Automatic;
					};
					09A4C9281F21FC36009CB586 = {
						CreatedOnToolsVersion = 8.3.3;
						DevelopmentTeam = 8ZVGPK4YX3;
						ProvisioningStyle = Automatic;
						TestTargetID = 09A4C9141F21FC36009CB586;
					};
				};
			};
			buildConfigurationList = 09A4C9101F21FC36009CB586 /* Build configuration list for PBXProject "SubTableViewWithSegueIOS" */;
			compatibilityVersion = "Xcode 3.2";
			developmentRegion = English;
			hasScannedForEncodings = 0;
			knownRegions = (
				en,
				Base,
			);
			mainGroup = 09A4C90C1F21FC36009CB586;
			productRefGroup = 09A4C9161F21FC36009CB586 /* Products */;
			projectDirPath = "";
			projectRoot = "";
			targets = (
				09A4C9141F21FC36009CB586 /* SubTableViewWithSegueIOS */,
				09A4C9281F21FC36009CB586 /* SubTableViewWithSegueIOSTests */,
			);
		};
/* End PBXProject section */

/* Begin PBXResourcesBuildPhase section */
		09A4C9131F21FC36009CB586 /* Resources */ = {
			isa = PBXResourcesBuildPhase;
			buildActionMask = 2147483647;
			files = (
				09A4C9231F21FC36009CB586 /* LaunchScreen.storyboard in Resources */,
				09A4C9201F21FC36009CB586 /* Assets.xcassets in Resources */,
				09A4C91E1F21FC36009CB586 /* Main.storyboard in Resources */,
			);
			runOnlyForDeploymentPostprocessing = 0;
		};
		09A4C9271F21FC36009CB586 /* Resources */ = {
			isa = PBXResourcesBuildPhase;
			buildActionMask = 2147483647;
			files = (
			);
			runOnlyForDeploymentPostprocessing = 0;
		};
/* End PBXResourcesBuildPhase section */

/* Begin PBXSourcesBuildPhase section */
		09A4C9111F21FC36009CB586 /* Sources */ = {
			isa = PBXSourcesBuildPhase;
			buildActionMask = 2147483647;
			files = (
				09A4C91B1F21FC36009CB586 /* DetailViewController.swift in Sources */,
				09A4C9391F21FDD1009CB586 /* CarsTableViewController.swift in Sources */,
				09A4C93B1F21FE31009CB586 /* Car.swift in Sources */,
				09A4C9191F21FC36009CB586 /* AppDelegate.swift in Sources */,
				09A4C93D1F22006A009CB586 /* CarTableViewCell.swift in Sources */,
			);
			runOnlyForDeploymentPostprocessing = 0;
		};
		09A4C9251F21FC36009CB586 /* Sources */ = {
			isa = PBXSourcesBuildPhase;
			buildActionMask = 2147483647;
			files = (
				09A4C92E1F21FC36009CB586 /* SubTableViewWithSegueIOSTests.swift in Sources */,
			);
			runOnlyForDeploymentPostprocessing = 0;
		};
/* End PBXSourcesBuildPhase section */

/* Begin PBXTargetDependency section */
		09A4C92B1F21FC36009CB586 /* PBXTargetDependency */ = {
			isa = PBXTargetDependency;
			target = 09A4C9141F21FC36009CB586 /* SubTableViewWithSegueIOS */;
			targetProxy = 09A4C92A1F21FC36009CB586 /* PBXContainerItemProxy */;
		};
/* End PBXTargetDependency section */

/* Begin PBXVariantGroup section */
		09A4C91C1F21FC36009CB586 /* Main.storyboard */ = {
			isa = PBXVariantGroup;
			children = (
				09A4C91D1F21FC36009CB586 /* Base */,
			);
			name = Main.storyboard;
			sourceTree = "<group>";
		};
		09A4C9211F21FC36009CB586 /* LaunchScreen.storyboard */ = {
			isa = PBXVariantGroup;
			children = (
				09A4C9221F21FC36009CB586 /* Base */,
			);
			name = LaunchScreen.storyboard;
			sourceTree = "<group>";
		};
/* End PBXVariantGroup section */

/* Begin XCBuildConfiguration section */
		09A4C9301F21FC36009CB586 /* Debug */ = {
			isa = XCBuildConfiguration;
			buildSettings = {
				ALWAYS_SEARCH_USER_PATHS = NO;
				CLANG_ANALYZER_NONNULL = YES;
				CLANG_ANALYZER_NUMBER_OBJECT_CONVERSION = YES_AGGRESSIVE;
				CLANG_CXX_LANGUAGE_STANDARD = "gnu++0x";
				CLANG_CXX_LIBRARY = "libc++";
				CLANG_ENABLE_MODULES = YES;
				CLANG_ENABLE_OBJC_ARC = YES;
				CLANG_WARN_BOOL_CONVERSION = YES;
				CLANG_WARN_CONSTANT_CONVERSION = YES;
				CLANG_WARN_DIRECT_OBJC_ISA_USAGE = YES_ERROR;
				CLANG_WARN_DOCUMENTATION_COMMENTS = YES;
				CLANG_WARN_EMPTY_BODY = YES;
				CLANG_WARN_ENUM_CONVERSION = YES;
				CLANG_WARN_INFINITE_RECURSION = YES;
				CLANG_WARN_INT_CONVERSION = YES;
				CLANG_WARN_OBJC_ROOT_CLASS = YES_ERROR;
				CLANG_WARN_SUSPICIOUS_MOVE = YES;
				CLANG_WARN_UNREACHABLE_CODE = YES;
				CLANG_WARN__DUPLICATE_METHOD_MATCH = YES;
				"CODE_SIGN_IDENTITY[sdk=iphoneos*]" = "iPhone Developer";
				COPY_PHASE_STRIP = NO;
				DEBUG_INFORMATION_FORMAT = dwarf;
				ENABLE_STRICT_OBJC_MSGSEND = YES;
				ENABLE_TESTABILITY = YES;
				GCC_C_LANGUAGE_STANDARD = gnu99;
				GCC_DYNAMIC_NO_PIC = NO;
				GCC_NO_COMMON_BLOCKS = YES;
				GCC_OPTIMIZATION_LEVEL = 0;
				GCC_PREPROCESSOR_DEFINITIONS = (
					"DEBUG=1",
					"$(inherited)",
				);
				GCC_WARN_64_TO_32_BIT_CONVERSION = YES;
				GCC_WARN_ABOUT_RETURN_TYPE = YES_ERROR;
				GCC_WARN_UNDECLARED_SELECTOR = YES;
				GCC_WARN_UNINITIALIZED_AUTOS = YES_AGGRESSIVE;
				GCC_WARN_UNUSED_FUNCTION = YES;
				GCC_WARN_UNUSED_VARIABLE = YES;
				IPHONEOS_DEPLOYMENT_TARGET = 10.3;
				MTL_ENABLE_DEBUG_INFO = YES;
				ONLY_ACTIVE_ARCH = YES;
				SDKROOT = iphoneos;
				SWIFT_ACTIVE_COMPILATION_CONDITIONS = DEBUG;
				SWIFT_OPTIMIZATION_LEVEL = "-Onone";
				TARGETED_DEVICE_FAMILY = "1,2";
			};
			name = Debug;
		};
		09A4C9311F21FC36009CB586 /* Release */ = {
			isa = XCBuildConfiguration;
			buildSettings = {
				ALWAYS_SEARCH_USER_PATHS = NO;
				CLANG_ANALYZER_NONNULL = YES;
				CLANG_ANALYZER_NUMBER_OBJECT_CONVERSION = YES_AGGRESSIVE;
				CLANG_CXX_LANGUAGE_STANDARD = "gnu++0x";
				CLANG_CXX_LIBRARY = "libc++";
				CLANG_ENABLE_MODULES = YES;
				CLANG_ENABLE_OBJC_ARC = YES;
				CLANG_WARN_BOOL_CONVERSION = YES;
				CLANG_WARN_CONSTANT_CONVERSION = YES;
				CLANG_WARN_DIRECT_OBJC_ISA_USAGE = YES_ERROR;
				CLANG_WARN_DOCUMENTATION_COMMENTS = YES;
				CLANG_WARN_EMPTY_BODY = YES;
				CLANG_WARN_ENUM_CONVERSION = YES;
				CLANG_WARN_INFINITE_RECURSION = YES;
				CLANG_WARN_INT_CONVERSION = YES;
				CLANG_WARN_OBJC_ROOT_CLASS = YES_ERROR;
				CLANG_WARN_SUSPICIOUS_MOVE = YES;
				CLANG_WARN_UNREACHABLE_CODE = YES;
				CLANG_WARN__DUPLICATE_METHOD_MATCH = YES;
				"CODE_SIGN_IDENTITY[sdk=iphoneos*]" = "iPhone Developer";
				COPY_PHASE_STRIP = NO;
				DEBUG_INFORMATION_FORMAT = "dwarf-with-dsym";
				ENABLE_NS_ASSERTIONS = NO;
				ENABLE_STRICT_OBJC_MSGSEND = YES;
				GCC_C_LANGUAGE_STANDARD = gnu99;
				GCC_NO_COMMON_BLOCKS = YES;
				GCC_WARN_64_TO_32_BIT_CONVERSION = YES;
				GCC_WARN_ABOUT_RETURN_TYPE = YES_ERROR;
				GCC_WARN_UNDECLARED_SELECTOR = YES;
				GCC_WARN_UNINITIALIZED_AUTOS = YES_AGGRESSIVE;
				GCC_WARN_UNUSED_FUNCTION = YES;
				GCC_WARN_UNUSED_VARIABLE = YES;
				IPHONEOS_DEPLOYMENT_TARGET = 10.3;
				MTL_ENABLE_DEBUG_INFO = NO;
				SDKROOT = iphoneos;
				SWIFT_OPTIMIZATION_LEVEL = "-Owholemodule";
				TARGETED_DEVICE_FAMILY = "1,2";
				VALIDATE_PRODUCT = YES;
			};
			name = Release;
		};
		09A4C9331F21FC36009CB586 /* Debug */ = {
			isa = XCBuildConfiguration;
			buildSettings = {
				ASSETCATALOG_COMPILER_APPICON_NAME = AppIcon;
				DEVELOPMENT_TEAM = 8ZVGPK4YX3;
				INFOPLIST_FILE = SubTableViewWithSegueIOS/Info.plist;
				LD_RUNPATH_SEARCH_PATHS = "$(inherited) @executable_path/Frameworks";
				PRODUCT_BUNDLE_IDENTIFIER = com.devartisant.SubTableViewWithSegueIOS;
				PRODUCT_NAME = "$(TARGET_NAME)";
				SWIFT_VERSION = 3.0;
			};
			name = Debug;
		};
		09A4C9341F21FC36009CB586 /* Release */ = {
			isa = XCBuildConfiguration;
			buildSettings = {
				ASSETCATALOG_COMPILER_APPICON_NAME = AppIcon;
				DEVELOPMENT_TEAM = 8ZVGPK4YX3;
				INFOPLIST_FILE = SubTableViewWithSegueIOS/Info.plist;
				LD_RUNPATH_SEARCH_PATHS = "$(inherited) @executable_path/Frameworks";
				PRODUCT_BUNDLE_IDENTIFIER = com.devartisant.SubTableViewWithSegueIOS;
				PRODUCT_NAME = "$(TARGET_NAME)";
				SWIFT_VERSION = 3.0;
			};
			name = Release;
		};
		09A4C9361F21FC36009CB586 /* Debug */ = {
			isa = XCBuildConfiguration;
			buildSettings = {
				ALWAYS_EMBED_SWIFT_STANDARD_LIBRARIES = YES;
				BUNDLE_LOADER = "$(TEST_HOST)";
				DEVELOPMENT_TEAM = 8ZVGPK4YX3;
				INFOPLIST_FILE = SubTableViewWithSegueIOSTests/Info.plist;
				LD_RUNPATH_SEARCH_PATHS = "$(inherited) @executable_path/Frameworks @loader_path/Frameworks";
				PRODUCT_BUNDLE_IDENTIFIER = com.devartisant.SubTableViewWithSegueIOSTests;
				PRODUCT_NAME = "$(TARGET_NAME)";
				SWIFT_VERSION = 3.0;
				TEST_HOST = "$(BUILT_PRODUCTS_DIR)/SubTableViewWithSegueIOS.app/SubTableViewWithSegueIOS";
			};
			name = Debug;
		};
		09A4C9371F21FC36009CB586 /* Release */ = {
			isa = XCBuildConfiguration;
			buildSettings = {
				ALWAYS_EMBED_SWIFT_STANDARD_LIBRARIES = YES;
				BUNDLE_LOADER = "$(TEST_HOST)";
				DEVELOPMENT_TEAM = 8ZVGPK4YX3;
				INFOPLIST_FILE = SubTableViewWithSegueIOSTests/Info.plist;
				LD_RUNPATH_SEARCH_PATHS = "$(inherited) @executable_path/Frameworks @loader_path/Frameworks";
				PRODUCT_BUNDLE_IDENTIFIER = com.devartisant.SubTableViewWithSegueIOSTests;
				PRODUCT_NAME = "$(TARGET_NAME)";
				SWIFT_VERSION = 3.0;
				TEST_HOST = "$(BUILT_PRODUCTS_DIR)/SubTableViewWithSegueIOS.app/SubTableViewWithSegueIOS";
			};
			name = Release;
		};
/* End XCBuildConfiguration section */

/* Begin XCConfigurationList section */
		09A4C9101F21FC36009CB586 /* Build configuration list for PBXProject "SubTableViewWithSegueIOS" */ = {
			isa = XCConfigurationList;
			buildConfigurations = (
				09A4C9301F21FC36009CB586 /* Debug */,
				09A4C9311F21FC36009CB586 /* Release */,
			);
			defaultConfigurationIsVisible = 0;
			defaultConfigurationName = Release;
		};
		09A4C9321F21FC36009CB586 /* Build configuration list for PBXNativeTarget "SubTableViewWithSegueIOS" */ = {
			isa = XCConfigurationList;
			buildConfigurations = (
				09A4C9331F21FC36009CB586 /* Debug */,
				09A4C9341F21FC36009CB586 /* Release */,
			);
			defaultConfigurationIsVisible = 0;
		};
		09A4C9351F21FC36009CB586 /* Build configuration list for PBXNativeTarget "SubTableViewWithSegueIOSTests" */ = {
			isa = XCConfigurationList;
			buildConfigurations = (
				09A4C9361F21FC36009CB586 /* Debug */,
				09A4C9371F21FC36009CB586 /* Release */,
			);
			defaultConfigurationIsVisible = 0;
		};
/* End XCConfigurationList section */
	};
	rootObject = 09A4C90D1F21FC36009CB586 /* Project object */;
}
